
Microsoft Visual Studio Solution File, Format Version 12.00
# Visual Studio Version 16
VisualStudioVersion = 16.0.30114.105
MinimumVisualStudioVersion = 10.0.40219.1
Project("{9A19103F-16F7-4668-BE54-9A1E7A4F7556}") = "baker-biz", "BarryTheBaker\baker-biz.csproj", "{19B69F18-63A9-455E-8A10-71480FD41AC7}"
EndProject
Project("{9A19103F-16F7-4668-BE54-9A1E7A4F7556}") = "BarryTheBaker.Tests", "BarryTheBaker.Tests\BarryTheBaker.Tests.csproj", "{6276E89B-53C1-4770-889B-31AB1BC00C70}"
EndProject
Global
	GlobalSection(SolutionConfigurationPlatforms) = preSolution
		Debug|Any CPU = Debug|Any CPU
		Release|Any CPU = Release|Any CPU
	EndGlobalSection
	GlobalSection(ProjectConfigurationPlatforms) = postSolution
		{19B69F18-63A9-455E-8A10-71480FD41AC7}.Debug|Any CPU.ActiveCfg = Debug|Any CPU
		{19B69F18-63A9-455E-8A10-71480FD41AC7}.Debug|Any CPU.Build.0 = Debug|Any CPU
		{19B69F18-63A9-455E-8A10-71480FD41AC7}.Release|Any CPU.ActiveCfg = Release|Any CPU
		{19B69F18-63A9-455E-8A10-71480FD41AC7}.Release|Any CPU.Build.0 = Release|Any CPU
		{6276E89B-53C1-4770-889B-31AB1BC00C70}.Debug|Any CPU.ActiveCfg = Debug|Any CPU
		{6276E89B-53C1-4770-889B-31AB1BC00C70}.Debug|Any CPU.Build.0 = Debug|Any CPU
		{6276E89B-53C1-4770-889B-31AB1BC00C70}.Release|Any CPU.ActiveCfg = Release|Any CPU
		{6276E89B-53C1-4770-889B-31AB1BC00C70}.Release|Any CPU.Build.0 = Release|Any CPU
	EndGlobalSection
	GlobalSection(SolutionProperties) = preSolution
		HideSolutionNode = FALSE
	EndGlobalSection
	GlobalSection(ExtensibilityGlobals) = postSolution
		SolutionGuid = {D232509D-DB93-4C3D-BD87-C60090BD8EE6}
	EndGlobalSection
EndGlobal
